
Microsoft Visual Studio Solution File, Format Version 12.00
# Visual Studio Version 17
VisualStudioVersion = 17.12.35527.113
MinimumVisualStudioVersion = 10.0.40219.1
Project("{2150E333-8FDC-42A3-9474-1A3956D46DE8}") = "Solution Items", "Solution Items", "{8EC462FD-D22E-90A8-E5CE-7E832BA40C5D}"
	ProjectSection(SolutionItems) = preProject
		cmakeapp1\CMakeLists.txt = cmakeapp1\CMakeLists.txt
	EndProjectSection
EndProject
Project("{8BC9CEB8-8B4A-11D0-8D11-00A0C91BC942}") = "updater", "updater.vcxproj", "{91ED4269-D3DE-3890-8F6E-7FCB5604D76E}"
EndProject
Global
	GlobalSection(SolutionConfigurationPlatforms) = preSolution
		Debug|x64 = Debug|x64
		Debug|x86 = Debug|x86
		Release|x64 = Release|x64
		Release|x86 = Release|x86
	EndGlobalSection
	GlobalSection(ProjectConfigurationPlatforms) = postSolution
		{91ED4269-D3DE-3890-8F6E-7FCB5604D76E}.Debug|x64.ActiveCfg = Debug|x64
		{91ED4269-D3DE-3890-8F6E-7FCB5604D76E}.Debug|x64.Build.0 = Debug|x64
		{91ED4269-D3DE-3890-8F6E-7FCB5604D76E}.Debug|x86.ActiveCfg = Debug|x64
		{91ED4269-D3DE-3890-8F6E-7FCB5604D76E}.Debug|x86.Build.0 = Debug|x64
		{91ED4269-D3DE-3890-8F6E-7FCB5604D76E}.Release|x64.ActiveCfg = Release|x64
		{91ED4269-D3DE-3890-8F6E-7FCB5604D76E}.Release|x64.Build.0 = Release|x64
		{91ED4269-D3DE-3890-8F6E-7FCB5604D76E}.Release|x86.ActiveCfg = Release|x64
		{91ED4269-D3DE-3890-8F6E-7FCB5604D76E}.Release|x86.Build.0 = Release|x64
	EndGlobalSection
	GlobalSection(SolutionProperties) = preSolution
		HideSolutionNode = FALSE
	EndGlobalSection
	GlobalSection(ExtensibilityGlobals) = postSolution
		SolutionGuid = {0DB853FE-D5E9-4769-9655-7E3C76A8B1B5}
	EndGlobalSection
EndGlobal
